
Microsoft Visual Studio Solution File, Format Version 12.00
# Visual Studio 15
VisualStudioVersion = 15.0.28307.572
MinimumVisualStudioVersion = 10.0.40219.1
Project("{FAE04EC0-301F-11D3-BF4B-00C04F79EFBC}") = "RevitFavs.CLI", "RevitFavs.CLI\RevitFavs.CLI.csproj", "{BF3D453D-EF69-40DB-9B8A-DCEE55938CB8}"
EndProject
Global
	GlobalSection(SolutionConfigurationPlatforms) = preSolution
		Debug|Any CPU = Debug|Any CPU
		Release|Any CPU = Release|Any CPU
	EndGlobalSection
	GlobalSection(ProjectConfigurationPlatforms) = postSolution
		{BF3D453D-EF69-40DB-9B8A-DCEE55938CB8}.Debug|Any CPU.ActiveCfg = Debug|Any CPU
		{BF3D453D-EF69-40DB-9B8A-DCEE55938CB8}.Debug|Any CPU.Build.0 = Debug|Any CPU
		{BF3D453D-EF69-40DB-9B8A-DCEE55938CB8}.Release|Any CPU.ActiveCfg = Release|Any CPU
		{BF3D453D-EF69-40DB-9B8A-DCEE55938CB8}.Release|Any CPU.Build.0 = Release|Any CPU
	EndGlobalSection
	GlobalSection(SolutionProperties) = preSolution
		HideSolutionNode = FALSE
	EndGlobalSection
	GlobalSection(ExtensibilityGlobals) = postSolution
		SolutionGuid = {BAE1AC0C-1056-4B8D-8909-517BD41B142F}
	EndGlobalSection
EndGlobal
